// !$*UTF8*$!
{
	archiveVersion = 1;
	classes = {
	};
	objectVersion = 55;
	objects = {

/* Begin PBXBuildFile section */
		2E024AE927E5B33300C116F1 /* AssembleAPIManager.swift in Sources */ = {isa = PBXBuildFile; fileRef = 2E024AE827E5B33300C116F1 /* AssembleAPIManager.swift */; };
		2E1C8F2427D4887000085124 /* BannerView.xib in Resources */ = {isa = PBXBuildFile; fileRef = 2E1C8F2327D4887000085124 /* BannerView.xib */; };
		2E7E2CAB27E8E889009813F5 /* HeaderCell.swift in Sources */ = {isa = PBXBuildFile; fileRef = 2E7E2CA927E8E889009813F5 /* HeaderCell.swift */; };
		2E7E2CAC27E8E889009813F5 /* HeaderCell.xib in Resources */ = {isa = PBXBuildFile; fileRef = 2E7E2CAA27E8E889009813F5 /* HeaderCell.xib */; };
		2E8A7EE827D79EB700091065 /* HeaderView.swift in Sources */ = {isa = PBXBuildFile; fileRef = 2E8A7EE727D79EB700091065 /* HeaderView.swift */; };
		2E93726F27D0CE0B0075077F /* DateTime.swift in Sources */ = {isa = PBXBuildFile; fileRef = 2E93726E27D0CE0B0075077F /* DateTime.swift */; };
		2E95659127CFBD5500268C5D /* SetupViewController.swift in Sources */ = {isa = PBXBuildFile; fileRef = 2E95659027CFBD5500268C5D /* SetupViewController.swift */; };
		2E95659627CFCBDF00268C5D /* Loader.json in Resources */ = {isa = PBXBuildFile; fileRef = 2E95659527CFCBDF00268C5D /* Loader.json */; };
		2E9710A027E4A0DB00534CBA /* SearchTableViewCell.swift in Sources */ = {isa = PBXBuildFile; fileRef = 2E97109F27E4A0DB00534CBA /* SearchTableViewCell.swift */; };
		2E99236527CCE5760082B5F9 /* MenuBar.swift in Sources */ = {isa = PBXBuildFile; fileRef = 2E99236427CCE5760082B5F9 /* MenuBar.swift */; };
		2E99236727CCE5B30082B5F9 /* MenuBarButton.swift in Sources */ = {isa = PBXBuildFile; fileRef = 2E99236627CCE5B30082B5F9 /* MenuBarButton.swift */; };
		2E99236927CCE5C40082B5F9 /* MenuBarButtonContainer.swift in Sources */ = {isa = PBXBuildFile; fileRef = 2E99236827CCE5C40082B5F9 /* MenuBarButtonContainer.swift */; };
		2E99236B27CCE5D30082B5F9 /* MenuBarLayout.swift in Sources */ = {isa = PBXBuildFile; fileRef = 2E99236A27CCE5D30082B5F9 /* MenuBarLayout.swift */; };
		2E9CFAF827E9E29C001ED7CE /* CellData.swift in Sources */ = {isa = PBXBuildFile; fileRef = 2E9CFAF727E9E29C001ED7CE /* CellData.swift */; };
		2E9CFAFD27EB6C35001ED7CE /* DetailCell.swift in Sources */ = {isa = PBXBuildFile; fileRef = 2E9CFAFB27EB6C35001ED7CE /* DetailCell.swift */; };
		2E9CFAFE27EB6C35001ED7CE /* DetailCell.xib in Resources */ = {isa = PBXBuildFile; fileRef = 2E9CFAFC27EB6C35001ED7CE /* DetailCell.xib */; };
		2E9CFB0127EC59E7001ED7CE /* MenuCell.swift in Sources */ = {isa = PBXBuildFile; fileRef = 2E9CFAFF27EC59E7001ED7CE /* MenuCell.swift */; };
		2E9CFB0227EC59E7001ED7CE /* MenuCell.xib in Resources */ = {isa = PBXBuildFile; fileRef = 2E9CFB0027EC59E7001ED7CE /* MenuCell.xib */; };
		2E9CFB0427ECB5C9001ED7CE /* SecondaryFrontViewController.swift in Sources */ = {isa = PBXBuildFile; fileRef = 2E9CFB0327ECB5C9001ED7CE /* SecondaryFrontViewController.swift */; };
		2E9CFB0627ECB697001ED7CE /* SecondaryFront.storyboard in Resources */ = {isa = PBXBuildFile; fileRef = 2E9CFB0527ECB697001ED7CE /* SecondaryFront.storyboard */; };
		2E9E1A5127DA0C11009AAEFE /* FrontComposition.swift in Sources */ = {isa = PBXBuildFile; fileRef = 2E9E1A5027DA0C11009AAEFE /* FrontComposition.swift */; };
		2E9E1A5827DCF184009AAEFE /* HeroCell.swift in Sources */ = {isa = PBXBuildFile; fileRef = 2E9E1A5627DCF184009AAEFE /* HeroCell.swift */; };
		2E9E1A5927DCF184009AAEFE /* HeroCell.xib in Resources */ = {isa = PBXBuildFile; fileRef = 2E9E1A5727DCF184009AAEFE /* HeroCell.xib */; };
		2E9E1A6227DDD920009AAEFE /* PlaceHolderCell.swift in Sources */ = {isa = PBXBuildFile; fileRef = 2E9E1A6027DDD920009AAEFE /* PlaceHolderCell.swift */; };
		2E9E1A6327DDD920009AAEFE /* PlaceHolderCell.xib in Resources */ = {isa = PBXBuildFile; fileRef = 2E9E1A6127DDD920009AAEFE /* PlaceHolderCell.xib */; };
		2E9E1A6627DDF108009AAEFE /* Hero.swift in Sources */ = {isa = PBXBuildFile; fileRef = 2E9E1A6427DDF108009AAEFE /* Hero.swift */; };
		2E9E1A6727DDF108009AAEFE /* Hero.xib in Resources */ = {isa = PBXBuildFile; fileRef = 2E9E1A6527DDF108009AAEFE /* Hero.xib */; };
		2EB71C9727EECC61009A9E2E /* Home.storyboard in Resources */ = {isa = PBXBuildFile; fileRef = 2EB71C9627EECC61009A9E2E /* Home.storyboard */; };
		2EB96A2127CCE65D00623AB0 /* RootViewController.swift in Sources */ = {isa = PBXBuildFile; fileRef = 2EB96A2027CCE65D00623AB0 /* RootViewController.swift */; };
		2EB96A2427CCE68300623AB0 /* Banner.swift in Sources */ = {isa = PBXBuildFile; fileRef = 2EB96A2227CCE68300623AB0 /* Banner.swift */; };
		2EB96A2527CCE68300623AB0 /* Banner.xib in Resources */ = {isa = PBXBuildFile; fileRef = 2EB96A2327CCE68300623AB0 /* Banner.xib */; };
		2EB96A2827CCE6A500623AB0 /* BannerView.swift in Sources */ = {isa = PBXBuildFile; fileRef = 2EB96A2627CCE6A500623AB0 /* BannerView.swift */; };
		2EB96A2B27CCE6BC00623AB0 /* HomeViewController.swift in Sources */ = {isa = PBXBuildFile; fileRef = 2EB96A2A27CCE6BC00623AB0 /* HomeViewController.swift */; };
		2EB96A2D27CCE6D500623AB0 /* BoardViewController.swift in Sources */ = {isa = PBXBuildFile; fileRef = 2EB96A2C27CCE6D500623AB0 /* BoardViewController.swift */; };
		2EB96A2F27CCE6E900623AB0 /* DetailViewController.swift in Sources */ = {isa = PBXBuildFile; fileRef = 2EB96A2E27CCE6E900623AB0 /* DetailViewController.swift */; };
		2EB96A3127CCE6FC00623AB0 /* Colors.swift in Sources */ = {isa = PBXBuildFile; fileRef = 2EB96A3027CCE6FC00623AB0 /* Colors.swift */; };
		2EB96A3327CCE70800623AB0 /* UIColor.swift in Sources */ = {isa = PBXBuildFile; fileRef = 2EB96A3227CCE70800623AB0 /* UIColor.swift */; };
		2EB96A3727CCE74400623AB0 /* Front1.storyboard in Resources */ = {isa = PBXBuildFile; fileRef = 2EB96A3627CCE74400623AB0 /* Front1.storyboard */; };
		2EBB6D9027FF384F00E66F64 /* AssembleUseCaseTests.swift in Sources */ = {isa = PBXBuildFile; fileRef = 2EBB6D8F27FF384F00E66F64 /* AssembleUseCaseTests.swift */; };
		2EBB716627E0E48300A61755 /* NewsCell.swift in Sources */ = {isa = PBXBuildFile; fileRef = 2EBB716427E0E48300A61755 /* NewsCell.swift */; };
		2EBB716727E0E48300A61755 /* NewsCell.xib in Resources */ = {isa = PBXBuildFile; fileRef = 2EBB716527E0E48300A61755 /* NewsCell.xib */; };
		2EBB716A27E0EC3A00A61755 /* News.swift in Sources */ = {isa = PBXBuildFile; fileRef = 2EBB716827E0EC3A00A61755 /* News.swift */; };
		2EBB716B27E0EC3A00A61755 /* News.xib in Resources */ = {isa = PBXBuildFile; fileRef = 2EBB716927E0EC3A00A61755 /* News.xib */; };
		2EC4591927CCE4E000EBE36B /* AppDelegate.swift in Sources */ = {isa = PBXBuildFile; fileRef = 2EC4591827CCE4E000EBE36B /* AppDelegate.swift */; };
		2EC4591B27CCE4E000EBE36B /* SceneDelegate.swift in Sources */ = {isa = PBXBuildFile; fileRef = 2EC4591A27CCE4E000EBE36B /* SceneDelegate.swift */; };
		2EC4592027CCE4E000EBE36B /* Main.storyboard in Resources */ = {isa = PBXBuildFile; fileRef = 2EC4591E27CCE4E000EBE36B /* Main.storyboard */; };
		2EC4592227CCE4E000EBE36B /* Assets.xcassets in Resources */ = {isa = PBXBuildFile; fileRef = 2EC4592127CCE4E000EBE36B /* Assets.xcassets */; };
		2EC4592527CCE4E000EBE36B /* LaunchScreen.storyboard in Resources */ = {isa = PBXBuildFile; fileRef = 2EC4592327CCE4E000EBE36B /* LaunchScreen.storyboard */; };
		2ECB7EA227E321FD00736FEA /* Search.storyboard in Resources */ = {isa = PBXBuildFile; fileRef = 2ECB7EA127E321FD00736FEA /* Search.storyboard */; };
		2ECB7EA427E3242700736FEA /* SearchViewController.swift in Sources */ = {isa = PBXBuildFile; fileRef = 2ECB7EA327E3242700736FEA /* SearchViewController.swift */; };
		2ECB7EA627E33D2F00736FEA /* NotificationViewController.swift in Sources */ = {isa = PBXBuildFile; fileRef = 2ECB7EA527E33D2F00736FEA /* NotificationViewController.swift */; };
		2ECB7EA827E33D3E00736FEA /* Notification.storyboard in Resources */ = {isa = PBXBuildFile; fileRef = 2ECB7EA727E33D3E00736FEA /* Notification.storyboard */; };
		2ED9802727FF09E100744F9D /* UpcomingResponseDTO.swift in Sources */ = {isa = PBXBuildFile; fileRef = 2ED9802627FF09E100744F9D /* UpcomingResponseDTO.swift */; };
		2ED9802927FF271400744F9D /* Upcoming.swift in Sources */ = {isa = PBXBuildFile; fileRef = 2ED9802827FF271400744F9D /* Upcoming.swift */; };
		2EE0F07327CCEA08008BA4B2 /* Detail.storyboard in Resources */ = {isa = PBXBuildFile; fileRef = 2EE0F07227CCEA08008BA4B2 /* Detail.storyboard */; };
		2EE0F07527CCEA12008BA4B2 /* Board.storyboard in Resources */ = {isa = PBXBuildFile; fileRef = 2EE0F07427CCEA12008BA4B2 /* Board.storyboard */; };
		2EE4A14527FD916800F6A4B3 /* HomeUseCase.swift in Sources */ = {isa = PBXBuildFile; fileRef = 2EE4A14427FD916800F6A4B3 /* HomeUseCase.swift */; };
		2EE4A14827FDE23300F6A4B3 /* Film.swift in Sources */ = {isa = PBXBuildFile; fileRef = 2EE4A14727FDE23300F6A4B3 /* Film.swift */; };
		2EE4A14C27FDE8C300F6A4B3 /* HomeBannerRepository.swift in Sources */ = {isa = PBXBuildFile; fileRef = 2EE4A14B27FDE8C300F6A4B3 /* HomeBannerRepository.swift */; };
		2EE4A15227FDF66900F6A4B3 /* DefaultHomeBannerRepository.swift in Sources */ = {isa = PBXBuildFile; fileRef = 2EE4A15127FDF66900F6A4B3 /* DefaultHomeBannerRepository.swift */; };
		2EE4A15727FDF97700F6A4B3 /* awsConstants.swift in Sources */ = {isa = PBXBuildFile; fileRef = 2EE4A15627FDF97700F6A4B3 /* awsConstants.swift */; };
		2EE4A15A27FE063C00F6A4B3 /* AlamoFireService.swift in Sources */ = {isa = PBXBuildFile; fileRef = 2EE4A15927FE063C00F6A4B3 /* AlamoFireService.swift */; };
		2EEC609D27E779980054AB6C /* Information.storyboard in Resources */ = {isa = PBXBuildFile; fileRef = 2EEC609C27E779980054AB6C /* Information.storyboard */; };
		2EEC609F27E779C20054AB6C /* InformationViewController.swift in Sources */ = {isa = PBXBuildFile; fileRef = 2EEC609E27E779C20054AB6C /* InformationViewController.swift */; };
		2EEC60A127E77F150054AB6C /* APIModels.swift in Sources */ = {isa = PBXBuildFile; fileRef = 2EEC60A027E77F150054AB6C /* APIModels.swift */; };
		2EEC60A327E8C9B40054AB6C /* Loader.swift in Sources */ = {isa = PBXBuildFile; fileRef = 2EEC60A227E8C9B40054AB6C /* Loader.swift */; };
		A199B26B5EDF89DD09632996 /* Pods_Assemble.framework in Frameworks */ = {isa = PBXBuildFile; fileRef = 450F8DA09C75FF642936E442 /* Pods_Assemble.framework */; };
/* End PBXBuildFile section */

/* Begin PBXContainerItemProxy section */
		2EBB6D9127FF384F00E66F64 /* PBXContainerItemProxy */ = {
			isa = PBXContainerItemProxy;
			containerPortal = 2EC4590D27CCE4E000EBE36B /* Project object */;
			proxyType = 1;
			remoteGlobalIDString = 2EC4591427CCE4E000EBE36B;
			remoteInfo = Assemble;
		};
/* End PBXContainerItemProxy section */

/* Begin PBXFileReference section */
		2E024AE827E5B33300C116F1 /* AssembleAPIManager.swift */ = {isa = PBXFileReference; lastKnownFileType = sourcecode.swift; path = AssembleAPIManager.swift; sourceTree = "<group>"; };
		2E1C8F2327D4887000085124 /* BannerView.xib */ = {isa = PBXFileReference; lastKnownFileType = file.xib; path = BannerView.xib; sourceTree = "<group>"; };
		2E7E2CA927E8E889009813F5 /* HeaderCell.swift */ = {isa = PBXFileReference; lastKnownFileType = sourcecode.swift; path = HeaderCell.swift; sourceTree = "<group>"; };
		2E7E2CAA27E8E889009813F5 /* HeaderCell.xib */ = {isa = PBXFileReference; lastKnownFileType = file.xib; path = HeaderCell.xib; sourceTree = "<group>"; };
		2E8A7EE727D79EB700091065 /* HeaderView.swift */ = {isa = PBXFileReference; lastKnownFileType = sourcecode.swift; path = HeaderView.swift; sourceTree = "<group>"; };
		2E93726E27D0CE0B0075077F /* DateTime.swift */ = {isa = PBXFileReference; lastKnownFileType = sourcecode.swift; path = DateTime.swift; sourceTree = "<group>"; };
		2E95659027CFBD5500268C5D /* SetupViewController.swift */ = {isa = PBXFileReference; lastKnownFileType = sourcecode.swift; path = SetupViewController.swift; sourceTree = "<group>"; };
		2E95659527CFCBDF00268C5D /* Loader.json */ = {isa = PBXFileReference; fileEncoding = 4; lastKnownFileType = text.json; path = Loader.json; sourceTree = "<group>"; };
		2E97109F27E4A0DB00534CBA /* SearchTableViewCell.swift */ = {isa = PBXFileReference; lastKnownFileType = sourcecode.swift; path = SearchTableViewCell.swift; sourceTree = "<group>"; };
		2E99236427CCE5760082B5F9 /* MenuBar.swift */ = {isa = PBXFileReference; lastKnownFileType = sourcecode.swift; path = MenuBar.swift; sourceTree = "<group>"; };
		2E99236627CCE5B30082B5F9 /* MenuBarButton.swift */ = {isa = PBXFileReference; lastKnownFileType = sourcecode.swift; path = MenuBarButton.swift; sourceTree = "<group>"; };
		2E99236827CCE5C40082B5F9 /* MenuBarButtonContainer.swift */ = {isa = PBXFileReference; lastKnownFileType = sourcecode.swift; path = MenuBarButtonContainer.swift; sourceTree = "<group>"; };
		2E99236A27CCE5D30082B5F9 /* MenuBarLayout.swift */ = {isa = PBXFileReference; lastKnownFileType = sourcecode.swift; path = MenuBarLayout.swift; sourceTree = "<group>"; };
		2E9CFAF727E9E29C001ED7CE /* CellData.swift */ = {isa = PBXFileReference; lastKnownFileType = sourcecode.swift; path = CellData.swift; sourceTree = "<group>"; };
		2E9CFAFB27EB6C35001ED7CE /* DetailCell.swift */ = {isa = PBXFileReference; lastKnownFileType = sourcecode.swift; path = DetailCell.swift; sourceTree = "<group>"; };
		2E9CFAFC27EB6C35001ED7CE /* DetailCell.xib */ = {isa = PBXFileReference; lastKnownFileType = file.xib; path = DetailCell.xib; sourceTree = "<group>"; };
		2E9CFAFF27EC59E7001ED7CE /* MenuCell.swift */ = {isa = PBXFileReference; lastKnownFileType = sourcecode.swift; path = MenuCell.swift; sourceTree = "<group>"; };
		2E9CFB0027EC59E7001ED7CE /* MenuCell.xib */ = {isa = PBXFileReference; lastKnownFileType = file.xib; path = MenuCell.xib; sourceTree = "<group>"; };
		2E9CFB0327ECB5C9001ED7CE /* SecondaryFrontViewController.swift */ = {isa = PBXFileReference; lastKnownFileType = sourcecode.swift; path = SecondaryFrontViewController.swift; sourceTree = "<group>"; };
		2E9CFB0527ECB697001ED7CE /* SecondaryFront.storyboard */ = {isa = PBXFileReference; lastKnownFileType = file.storyboard; path = SecondaryFront.storyboard; sourceTree = "<group>"; };
		2E9E1A5027DA0C11009AAEFE /* FrontComposition.swift */ = {isa = PBXFileReference; lastKnownFileType = sourcecode.swift; path = FrontComposition.swift; sourceTree = "<group>"; };
		2E9E1A5627DCF184009AAEFE /* HeroCell.swift */ = {isa = PBXFileReference; lastKnownFileType = sourcecode.swift; path = HeroCell.swift; sourceTree = "<group>"; };
		2E9E1A5727DCF184009AAEFE /* HeroCell.xib */ = {isa = PBXFileReference; lastKnownFileType = file.xib; path = HeroCell.xib; sourceTree = "<group>"; };
		2E9E1A6027DDD920009AAEFE /* PlaceHolderCell.swift */ = {isa = PBXFileReference; lastKnownFileType = sourcecode.swift; path = PlaceHolderCell.swift; sourceTree = "<group>"; };
		2E9E1A6127DDD920009AAEFE /* PlaceHolderCell.xib */ = {isa = PBXFileReference; lastKnownFileType = file.xib; path = PlaceHolderCell.xib; sourceTree = "<group>"; };
		2E9E1A6427DDF108009AAEFE /* Hero.swift */ = {isa = PBXFileReference; lastKnownFileType = sourcecode.swift; path = Hero.swift; sourceTree = "<group>"; };
		2E9E1A6527DDF108009AAEFE /* Hero.xib */ = {isa = PBXFileReference; lastKnownFileType = file.xib; path = Hero.xib; sourceTree = "<group>"; };
		2EB71C9627EECC61009A9E2E /* Home.storyboard */ = {isa = PBXFileReference; lastKnownFileType = file.storyboard; path = Home.storyboard; sourceTree = "<group>"; };
		2EB96A2027CCE65D00623AB0 /* RootViewController.swift */ = {isa = PBXFileReference; lastKnownFileType = sourcecode.swift; path = RootViewController.swift; sourceTree = "<group>"; };
		2EB96A2227CCE68300623AB0 /* Banner.swift */ = {isa = PBXFileReference; lastKnownFileType = sourcecode.swift; path = Banner.swift; sourceTree = "<group>"; };
		2EB96A2327CCE68300623AB0 /* Banner.xib */ = {isa = PBXFileReference; lastKnownFileType = file.xib; path = Banner.xib; sourceTree = "<group>"; };
		2EB96A2627CCE6A500623AB0 /* BannerView.swift */ = {isa = PBXFileReference; lastKnownFileType = sourcecode.swift; path = BannerView.swift; sourceTree = "<group>"; };
		2EB96A2A27CCE6BC00623AB0 /* HomeViewController.swift */ = {isa = PBXFileReference; lastKnownFileType = sourcecode.swift; path = HomeViewController.swift; sourceTree = "<group>"; };
		2EB96A2C27CCE6D500623AB0 /* BoardViewController.swift */ = {isa = PBXFileReference; lastKnownFileType = sourcecode.swift; path = BoardViewController.swift; sourceTree = "<group>"; };
		2EB96A2E27CCE6E900623AB0 /* DetailViewController.swift */ = {isa = PBXFileReference; lastKnownFileType = sourcecode.swift; path = DetailViewController.swift; sourceTree = "<group>"; };
		2EB96A3027CCE6FC00623AB0 /* Colors.swift */ = {isa = PBXFileReference; lastKnownFileType = sourcecode.swift; path = Colors.swift; sourceTree = "<group>"; };
		2EB96A3227CCE70800623AB0 /* UIColor.swift */ = {isa = PBXFileReference; lastKnownFileType = sourcecode.swift; path = UIColor.swift; sourceTree = "<group>"; };
		2EB96A3627CCE74400623AB0 /* Front1.storyboard */ = {isa = PBXFileReference; lastKnownFileType = file.storyboard; path = Front1.storyboard; sourceTree = "<group>"; };
		2EBB6D8D27FF384F00E66F64 /* AssembleUseCaseTests.xctest */ = {isa = PBXFileReference; explicitFileType = wrapper.cfbundle; includeInIndex = 0; path = AssembleUseCaseTests.xctest; sourceTree = BUILT_PRODUCTS_DIR; };
		2EBB6D8F27FF384F00E66F64 /* AssembleUseCaseTests.swift */ = {isa = PBXFileReference; lastKnownFileType = sourcecode.swift; path = AssembleUseCaseTests.swift; sourceTree = "<group>"; };
		2EBB716427E0E48300A61755 /* NewsCell.swift */ = {isa = PBXFileReference; lastKnownFileType = sourcecode.swift; path = NewsCell.swift; sourceTree = "<group>"; };
		2EBB716527E0E48300A61755 /* NewsCell.xib */ = {isa = PBXFileReference; lastKnownFileType = file.xib; path = NewsCell.xib; sourceTree = "<group>"; };
		2EBB716827E0EC3A00A61755 /* News.swift */ = {isa = PBXFileReference; lastKnownFileType = sourcecode.swift; path = News.swift; sourceTree = "<group>"; };
		2EBB716927E0EC3A00A61755 /* News.xib */ = {isa = PBXFileReference; lastKnownFileType = file.xib; path = News.xib; sourceTree = "<group>"; };
		2EC4591527CCE4E000EBE36B /* Assemble.app */ = {isa = PBXFileReference; explicitFileType = wrapper.application; includeInIndex = 0; path = Assemble.app; sourceTree = BUILT_PRODUCTS_DIR; };
		2EC4591827CCE4E000EBE36B /* AppDelegate.swift */ = {isa = PBXFileReference; lastKnownFileType = sourcecode.swift; path = AppDelegate.swift; sourceTree = "<group>"; };
		2EC4591A27CCE4E000EBE36B /* SceneDelegate.swift */ = {isa = PBXFileReference; lastKnownFileType = sourcecode.swift; path = SceneDelegate.swift; sourceTree = "<group>"; };
		2EC4591F27CCE4E000EBE36B /* Base */ = {isa = PBXFileReference; lastKnownFileType = file.storyboard; name = Base; path = Base.lproj/Main.storyboard; sourceTree = "<group>"; };
		2EC4592127CCE4E000EBE36B /* Assets.xcassets */ = {isa = PBXFileReference; lastKnownFileType = folder.assetcatalog; path = Assets.xcassets; sourceTree = "<group>"; };
		2EC4592427CCE4E000EBE36B /* Base */ = {isa = PBXFileReference; lastKnownFileType = file.storyboard; name = Base; path = Base.lproj/LaunchScreen.storyboard; sourceTree = "<group>"; };
		2EC4592627CCE4E000EBE36B /* Info.plist */ = {isa = PBXFileReference; lastKnownFileType = text.plist.xml; path = Info.plist; sourceTree = "<group>"; };
		2ECB7EA127E321FD00736FEA /* Search.storyboard */ = {isa = PBXFileReference; lastKnownFileType = file.storyboard; path = Search.storyboard; sourceTree = "<group>"; };
		2ECB7EA327E3242700736FEA /* SearchViewController.swift */ = {isa = PBXFileReference; lastKnownFileType = sourcecode.swift; path = SearchViewController.swift; sourceTree = "<group>"; };
		2ECB7EA527E33D2F00736FEA /* NotificationViewController.swift */ = {isa = PBXFileReference; lastKnownFileType = sourcecode.swift; path = NotificationViewController.swift; sourceTree = "<group>"; };
		2ECB7EA727E33D3E00736FEA /* Notification.storyboard */ = {isa = PBXFileReference; lastKnownFileType = file.storyboard; path = Notification.storyboard; sourceTree = "<group>"; };
		2ED9802627FF09E100744F9D /* UpcomingResponseDTO.swift */ = {isa = PBXFileReference; lastKnownFileType = sourcecode.swift; path = UpcomingResponseDTO.swift; sourceTree = "<group>"; };
		2ED9802827FF271400744F9D /* Upcoming.swift */ = {isa = PBXFileReference; lastKnownFileType = sourcecode.swift; path = Upcoming.swift; sourceTree = "<group>"; };
		2EE0F07227CCEA08008BA4B2 /* Detail.storyboard */ = {isa = PBXFileReference; lastKnownFileType = file.storyboard; path = Detail.storyboard; sourceTree = "<group>"; };
		2EE0F07427CCEA12008BA4B2 /* Board.storyboard */ = {isa = PBXFileReference; lastKnownFileType = file.storyboard; path = Board.storyboard; sourceTree = "<group>"; };
		2EE4A14427FD916800F6A4B3 /* HomeUseCase.swift */ = {isa = PBXFileReference; lastKnownFileType = sourcecode.swift; path = HomeUseCase.swift; sourceTree = "<group>"; };
		2EE4A14727FDE23300F6A4B3 /* Film.swift */ = {isa = PBXFileReference; lastKnownFileType = sourcecode.swift; path = Film.swift; sourceTree = "<group>"; };
		2EE4A14B27FDE8C300F6A4B3 /* HomeBannerRepository.swift */ = {isa = PBXFileReference; lastKnownFileType = sourcecode.swift; path = HomeBannerRepository.swift; sourceTree = "<group>"; };
		2EE4A15127FDF66900F6A4B3 /* DefaultHomeBannerRepository.swift */ = {isa = PBXFileReference; lastKnownFileType = sourcecode.swift; path = DefaultHomeBannerRepository.swift; sourceTree = "<group>"; };
		2EE4A15627FDF97700F6A4B3 /* awsConstants.swift */ = {isa = PBXFileReference; lastKnownFileType = sourcecode.swift; path = awsConstants.swift; sourceTree = "<group>"; };
		2EE4A15927FE063C00F6A4B3 /* AlamoFireService.swift */ = {isa = PBXFileReference; lastKnownFileType = sourcecode.swift; path = AlamoFireService.swift; sourceTree = "<group>"; };
		2EEC609C27E779980054AB6C /* Information.storyboard */ = {isa = PBXFileReference; lastKnownFileType = file.storyboard; path = Information.storyboard; sourceTree = "<group>"; };
		2EEC609E27E779C20054AB6C /* InformationViewController.swift */ = {isa = PBXFileReference; lastKnownFileType = sourcecode.swift; path = InformationViewController.swift; sourceTree = "<group>"; };
		2EEC60A027E77F150054AB6C /* APIModels.swift */ = {isa = PBXFileReference; lastKnownFileType = sourcecode.swift; path = APIModels.swift; sourceTree = "<group>"; };
		2EEC60A227E8C9B40054AB6C /* Loader.swift */ = {isa = PBXFileReference; lastKnownFileType = sourcecode.swift; path = Loader.swift; sourceTree = "<group>"; };
		450F8DA09C75FF642936E442 /* Pods_Assemble.framework */ = {isa = PBXFileReference; explicitFileType = wrapper.framework; includeInIndex = 0; path = Pods_Assemble.framework; sourceTree = BUILT_PRODUCTS_DIR; };
		74FCCCAE3AFF995399579C69 /* Pods-Assemble.debug.xcconfig */ = {isa = PBXFileReference; includeInIndex = 1; lastKnownFileType = text.xcconfig; name = "Pods-Assemble.debug.xcconfig"; path = "Target Support Files/Pods-Assemble/Pods-Assemble.debug.xcconfig"; sourceTree = "<group>"; };
		E30F1BC3DC1CBAF2A518106B /* Pods-Assemble.release.xcconfig */ = {isa = PBXFileReference; includeInIndex = 1; lastKnownFileType = text.xcconfig; name = "Pods-Assemble.release.xcconfig"; path = "Target Support Files/Pods-Assemble/Pods-Assemble.release.xcconfig"; sourceTree = "<group>"; };
/* End PBXFileReference section */

/* Begin PBXFrameworksBuildPhase section */
		2EBB6D8A27FF384F00E66F64 /* Frameworks */ = {
			isa = PBXFrameworksBuildPhase;
			buildActionMask = 2147483647;
			files = (
			);
			runOnlyForDeploymentPostprocessing = 0;
		};
		2EC4591227CCE4E000EBE36B /* Frameworks */ = {
			isa = PBXFrameworksBuildPhase;
			buildActionMask = 2147483647;
			files = (
				A199B26B5EDF89DD09632996 /* Pods_Assemble.framework in Frameworks */,
			);
			runOnlyForDeploymentPostprocessing = 0;
		};
/* End PBXFrameworksBuildPhase section */

/* Begin PBXGroup section */
		0B0667BD7EF4B27B56E3DB8A /* Pods */ = {
			isa = PBXGroup;
			children = (
				74FCCCAE3AFF995399579C69 /* Pods-Assemble.debug.xcconfig */,
				E30F1BC3DC1CBAF2A518106B /* Pods-Assemble.release.xcconfig */,
			);
			path = Pods;
			sourceTree = "<group>";
		};
		2E052DE327CCE6070055027D /* Front */ = {
			isa = PBXGroup;
			children = (
				2E9CFB0327ECB5C9001ED7CE /* SecondaryFrontViewController.swift */,
				2E8A7EE727D79EB700091065 /* HeaderView.swift */,
				2EB96A2627CCE6A500623AB0 /* BannerView.swift */,
				2EB96A2227CCE68300623AB0 /* Banner.swift */,
				2E9E1A5627DCF184009AAEFE /* HeroCell.swift */,
				2E9E1A6427DDF108009AAEFE /* Hero.swift */,
				2EBB716427E0E48300A61755 /* NewsCell.swift */,
				2EBB716827E0EC3A00A61755 /* News.swift */,
				2E9E1A6027DDD920009AAEFE /* PlaceHolderCell.swift */,
			);
			path = Front;
			sourceTree = "<group>";
		};
		2E052DE427CCE60C0055027D /* Board */ = {
			isa = PBXGroup;
			children = (
				2EB96A2C27CCE6D500623AB0 /* BoardViewController.swift */,
			);
			path = Board;
			sourceTree = "<group>";
		};
		2E052DE527CCE6190055027D /* Detail */ = {
			isa = PBXGroup;
			children = (
				2EB96A2E27CCE6E900623AB0 /* DetailViewController.swift */,
			);
			path = Detail;
			sourceTree = "<group>";
		};
		2E052DE627CCE6220055027D /* Front */ = {
			isa = PBXGroup;
			children = (
				2EB96A3627CCE74400623AB0 /* Front1.storyboard */,
				2E9CFB0527ECB697001ED7CE /* SecondaryFront.storyboard */,
				2E1C8F2327D4887000085124 /* BannerView.xib */,
				2E9E1A5727DCF184009AAEFE /* HeroCell.xib */,
				2E9E1A6527DDF108009AAEFE /* Hero.xib */,
				2EBB716527E0E48300A61755 /* NewsCell.xib */,
				2EBB716927E0EC3A00A61755 /* News.xib */,
				2E9E1A6127DDD920009AAEFE /* PlaceHolderCell.xib */,
			);
			path = Front;
			sourceTree = "<group>";
		};
		2E7E2CA527E8E74E009813F5 /* Search */ = {
			isa = PBXGroup;
			children = (
				2ECB7EA127E321FD00736FEA /* Search.storyboard */,
			);
			path = Search;
			sourceTree = "<group>";
		};
		2E7E2CA627E8E75E009813F5 /* Search */ = {
			isa = PBXGroup;
			children = (
				2ECB7EA327E3242700736FEA /* SearchViewController.swift */,
				2E97109F27E4A0DB00534CBA /* SearchTableViewCell.swift */,
			);
			path = Search;
			sourceTree = "<group>";
		};
		2E7E2CA727E8E788009813F5 /* Information */ = {
			isa = PBXGroup;
			children = (
				2EEC609C27E779980054AB6C /* Information.storyboard */,
				2E7E2CAA27E8E889009813F5 /* HeaderCell.xib */,
				2E9CFB0027EC59E7001ED7CE /* MenuCell.xib */,
				2E9CFAFC27EB6C35001ED7CE /* DetailCell.xib */,
			);
			path = Information;
			sourceTree = "<group>";
		};
		2E7E2CA827E8E7AA009813F5 /* Information */ = {
			isa = PBXGroup;
			children = (
				2EEC609E27E779C20054AB6C /* InformationViewController.swift */,
				2E7E2CA927E8E889009813F5 /* HeaderCell.swift */,
				2E9CFAFF27EC59E7001ED7CE /* MenuCell.swift */,
				2E9CFAFB27EB6C35001ED7CE /* DetailCell.swift */,
				2E9CFAF727E9E29C001ED7CE /* CellData.swift */,
			);
			path = Information;
			sourceTree = "<group>";
		};
		2E95659227CFC42000268C5D /* Assets */ = {
			isa = PBXGroup;
			children = (
				2EC4592127CCE4E000EBE36B /* Assets.xcassets */,
			);
			path = Assets;
			sourceTree = "<group>";
		};
		2E99236027CCE5530082B5F9 /* Datas */ = {
			isa = PBXGroup;
			children = (
				2EEC60A027E77F150054AB6C /* APIModels.swift */,
				2E9E1A5027DA0C11009AAEFE /* FrontComposition.swift */,
				2EB96A3027CCE6FC00623AB0 /* Colors.swift */,
				2EB96A3227CCE70800623AB0 /* UIColor.swift */,
				2E93726E27D0CE0B0075077F /* DateTime.swift */,
				2EEC60A227E8C9B40054AB6C /* Loader.swift */,
			);
			path = Datas;
			sourceTree = "<group>";
		};
		2E99236127CCE5590082B5F9 /* Controller */ = {
			isa = PBXGroup;
			children = (
				2E7E2CA627E8E75E009813F5 /* Search */,
				2ECB7EA527E33D2F00736FEA /* NotificationViewController.swift */,
				2E052DE327CCE6070055027D /* Front */,
				2E052DE527CCE6190055027D /* Detail */,
				2E052DE427CCE60C0055027D /* Board */,
				2E7E2CA827E8E7AA009813F5 /* Information */,
			);
			path = Controller;
			sourceTree = "<group>";
		};
		2E99236227CCE55F0082B5F9 /* View */ = {
			isa = PBXGroup;
			children = (
				2EC4592327CCE4E000EBE36B /* LaunchScreen.storyboard */,
				2EC4591E27CCE4E000EBE36B /* Main.storyboard */,
				2E7E2CA527E8E74E009813F5 /* Search */,
				2ECB7EA727E33D3E00736FEA /* Notification.storyboard */,
				2E052DE627CCE6220055027D /* Front */,
				2EE0F07227CCEA08008BA4B2 /* Detail.storyboard */,
				2EE0F07427CCEA12008BA4B2 /* Board.storyboard */,
				2E7E2CA727E8E788009813F5 /* Information */,
			);
			path = View;
			sourceTree = "<group>";
		};
		2E99236327CCE5670082B5F9 /* Bars */ = {
			isa = PBXGroup;
			children = (
				2E99236427CCE5760082B5F9 /* MenuBar.swift */,
				2E99236627CCE5B30082B5F9 /* MenuBarButton.swift */,
				2E99236827CCE5C40082B5F9 /* MenuBarButtonContainer.swift */,
				2E99236A27CCE5D30082B5F9 /* MenuBarLayout.swift */,
			);
			path = Bars;
			sourceTree = "<group>";
		};
		2EB71C8B27EDB832009A9E2E /* Services */ = {
			isa = PBXGroup;
			children = (
				2E024AE827E5B33300C116F1 /* AssembleAPIManager.swift */,
			);
			path = Services;
			sourceTree = "<group>";
		};
		2EB71C8C27EDB84B009A9E2E /* ViewModel */ = {
			isa = PBXGroup;
			children = (
			);
			path = ViewModel;
			sourceTree = "<group>";
		};
		2EB71C8D27EDB858009A9E2E /* ViewController */ = {
			isa = PBXGroup;
			children = (
				2EB96A2A27CCE6BC00623AB0 /* HomeViewController.swift */,
			);
			path = ViewController;
			sourceTree = "<group>";
		};
		2EB71C8F27EDB8AA009A9E2E /* _____________________________ */ = {
			isa = PBXGroup;
			children = (
			);
			path = "_____________________________";
			sourceTree = "<group>";
		};
		2EB71C9027EDC0CA009A9E2E /* HomeScene */ = {
			isa = PBXGroup;
			children = (
				2EB71C8B27EDB832009A9E2E /* Services */,
				2EB71C8C27EDB84B009A9E2E /* ViewModel */,
				2EB71C8D27EDB858009A9E2E /* ViewController */,
				2EB71C9527EECC3E009A9E2E /* View */,
			);
			path = HomeScene;
			sourceTree = "<group>";
		};
		2EB71C9527EECC3E009A9E2E /* View */ = {
			isa = PBXGroup;
			children = (
				2EB71C9627EECC61009A9E2E /* Home.storyboard */,
				2EB96A2327CCE68300623AB0 /* Banner.xib */,
			);
			path = View;
			sourceTree = "<group>";
		};
		2EBB6D8E27FF384F00E66F64 /* AssembleUseCaseTests */ = {
			isa = PBXGroup;
			children = (
				2EBB6D9627FF386300E66F64 /* HomeScene */,
			);
			path = AssembleUseCaseTests;
			sourceTree = "<group>";
		};
		2EBB6D9627FF386300E66F64 /* HomeScene */ = {
			isa = PBXGroup;
			children = (
				2EBB6D8F27FF384F00E66F64 /* AssembleUseCaseTests.swift */,
			);
			path = HomeScene;
			sourceTree = "<group>";
		};
		2EC4590C27CCE4E000EBE36B = {
			isa = PBXGroup;
			children = (
				2EC4591727CCE4E000EBE36B /* Assemble */,
				2EBB6D8E27FF384F00E66F64 /* AssembleUseCaseTests */,
				2EC4591627CCE4E000EBE36B /* Products */,
				0B0667BD7EF4B27B56E3DB8A /* Pods */,
				BE4D9024F77C12B4519F3582 /* Frameworks */,
			);
			sourceTree = "<group>";
		};
		2EC4591627CCE4E000EBE36B /* Products */ = {
			isa = PBXGroup;
			children = (
				2EC4591527CCE4E000EBE36B /* Assemble.app */,
				2EBB6D8D27FF384F00E66F64 /* AssembleUseCaseTests.xctest */,
			);
			name = Products;
			sourceTree = "<group>";
		};
		2EC4591727CCE4E000EBE36B /* Assemble */ = {
			isa = PBXGroup;
			children = (
				2EE4A13727FD8CD600F6A4B3 /* Application */,
				2EE4A14627FDDFAA00F6A4B3 /* Data */,
				2EE4A14027FD909200F6A4B3 /* Domain */,
				2EE4A15827FE05CB00F6A4B3 /* Network */,
				2EE4A13827FD8CE500F6A4B3 /* Presentation */,
				2EE4A13927FD8EB300F6A4B3 /* Resource */,
				2EE4A15327FDF8DD00F6A4B3 /* Util */,
				2EB71C8F27EDB8AA009A9E2E /* _____________________________ */,
				2E99236027CCE5530082B5F9 /* Datas */,
				2E99236127CCE5590082B5F9 /* Controller */,
				2E99236227CCE55F0082B5F9 /* View */,
				2EC4592627CCE4E000EBE36B /* Info.plist */,
			);
			path = Assemble;
			sourceTree = "<group>";
		};
		2ED9802527FF09BB00744F9D /* DataMapping */ = {
			isa = PBXGroup;
			children = (
				2ED9802627FF09E100744F9D /* UpcomingResponseDTO.swift */,
			);
			path = DataMapping;
			sourceTree = "<group>";
		};
		2EE4A13727FD8CD600F6A4B3 /* Application */ = {
			isa = PBXGroup;
			children = (
				2EC4591A27CCE4E000EBE36B /* SceneDelegate.swift */,
				2EC4591827CCE4E000EBE36B /* AppDelegate.swift */,
				2E99236327CCE5670082B5F9 /* Bars */,
			);
			path = Application;
			sourceTree = "<group>";
		};
		2EE4A13827FD8CE500F6A4B3 /* Presentation */ = {
			isa = PBXGroup;
			children = (
				2EE4A13B27FD8EF300F6A4B3 /* RootScene */,
				2EE4A13A27FD8EEB00F6A4B3 /* SetupScene */,
				2EB71C9027EDC0CA009A9E2E /* HomeScene */,
			);
			path = Presentation;
			sourceTree = "<group>";
		};
		2EE4A13927FD8EB300F6A4B3 /* Resource */ = {
			isa = PBXGroup;
			children = (
				2E95659227CFC42000268C5D /* Assets */,
				2E95659527CFCBDF00268C5D /* Loader.json */,
			);
			path = Resource;
			sourceTree = "<group>";
		};
		2EE4A13A27FD8EEB00F6A4B3 /* SetupScene */ = {
			isa = PBXGroup;
			children = (
				2EE4A13F27FD8F4100F6A4B3 /* View */,
				2EE4A13D27FD8F1B00F6A4B3 /* ViewController */,
			);
			path = SetupScene;
			sourceTree = "<group>";
		};
		2EE4A13B27FD8EF300F6A4B3 /* RootScene */ = {
			isa = PBXGroup;
			children = (
				2EE4A13E27FD8F3300F6A4B3 /* View */,
				2EE4A13C27FD8F0A00F6A4B3 /* ViewController */,
			);
			path = RootScene;
			sourceTree = "<group>";
		};
		2EE4A13C27FD8F0A00F6A4B3 /* ViewController */ = {
			isa = PBXGroup;
			children = (
				2EB96A2027CCE65D00623AB0 /* RootViewController.swift */,
			);
			path = ViewController;
			sourceTree = "<group>";
		};
		2EE4A13D27FD8F1B00F6A4B3 /* ViewController */ = {
			isa = PBXGroup;
			children = (
				2E95659027CFBD5500268C5D /* SetupViewController.swift */,
			);
			path = ViewController;
			sourceTree = "<group>";
		};
		2EE4A13E27FD8F3300F6A4B3 /* View */ = {
			isa = PBXGroup;
			children = (
			);
			path = View;
			sourceTree = "<group>";
		};
		2EE4A13F27FD8F4100F6A4B3 /* View */ = {
			isa = PBXGroup;
			children = (
			);
			path = View;
			sourceTree = "<group>";
		};
		2EE4A14027FD909200F6A4B3 /* Domain */ = {
			isa = PBXGroup;
			children = (
				2EE4A14127FD90A200F6A4B3 /* Model */,
				2EE4A14227FD90A600F6A4B3 /* UseCase */,
				2EE4A14927FDE85700F6A4B3 /* Interface */,
			);
			path = Domain;
			sourceTree = "<group>";
		};
		2EE4A14127FD90A200F6A4B3 /* Model */ = {
			isa = PBXGroup;
			children = (
				2EE4A14727FDE23300F6A4B3 /* Film.swift */,
				2ED9802827FF271400744F9D /* Upcoming.swift */,
			);
			path = Model;
			sourceTree = "<group>";
		};
		2EE4A14227FD90A600F6A4B3 /* UseCase */ = {
			isa = PBXGroup;
			children = (
				2EE4A14427FD916800F6A4B3 /* HomeUseCase.swift */,
			);
			path = UseCase;
			sourceTree = "<group>";
		};
		2EE4A14627FDDFAA00F6A4B3 /* Data */ = {
			isa = PBXGroup;
			children = (
				2ED9802527FF09BB00744F9D /* DataMapping */,
				2EE4A14F27FDF62600F6A4B3 /* Repository */,
			);
			path = Data;
			sourceTree = "<group>";
		};
		2EE4A14927FDE85700F6A4B3 /* Interface */ = {
			isa = PBXGroup;
			children = (
				2EE4A14A27FDE87700F6A4B3 /* Repository */,
			);
			path = Interface;
			sourceTree = "<group>";
		};
		2EE4A14A27FDE87700F6A4B3 /* Repository */ = {
			isa = PBXGroup;
			children = (
				2EE4A14B27FDE8C300F6A4B3 /* HomeBannerRepository.swift */,
			);
			path = Repository;
			sourceTree = "<group>";
		};
		2EE4A14F27FDF62600F6A4B3 /* Repository */ = {
			isa = PBXGroup;
			children = (
				2EE4A15027FDF63600F6A4B3 /* Home */,
			);
			path = Repository;
			sourceTree = "<group>";
		};
		2EE4A15027FDF63600F6A4B3 /* Home */ = {
			isa = PBXGroup;
			children = (
				2EE4A15127FDF66900F6A4B3 /* DefaultHomeBannerRepository.swift */,
			);
			path = Home;
			sourceTree = "<group>";
		};
		2EE4A15327FDF8DD00F6A4B3 /* Util */ = {
			isa = PBXGroup;
			children = (
				2EE4A15427FDF90F00F6A4B3 /* Constant */,
				2EE4A15527FDF91600F6A4B3 /* Extension */,
			);
			path = Util;
			sourceTree = "<group>";
		};
		2EE4A15427FDF90F00F6A4B3 /* Constant */ = {
			isa = PBXGroup;
			children = (
				2EE4A15627FDF97700F6A4B3 /* awsConstants.swift */,
			);
			path = Constant;
			sourceTree = "<group>";
		};
		2EE4A15527FDF91600F6A4B3 /* Extension */ = {
			isa = PBXGroup;
			children = (
			);
			path = Extension;
			sourceTree = "<group>";
		};
		2EE4A15827FE05CB00F6A4B3 /* Network */ = {
			isa = PBXGroup;
			children = (
				2EE4A15927FE063C00F6A4B3 /* AlamoFireService.swift */,
			);
			path = Network;
			sourceTree = "<group>";
		};
		BE4D9024F77C12B4519F3582 /* Frameworks */ = {
			isa = PBXGroup;
			children = (
				450F8DA09C75FF642936E442 /* Pods_Assemble.framework */,
			);
			name = Frameworks;
			sourceTree = "<group>";
		};
/* End PBXGroup section */

/* Begin PBXNativeTarget section */
		2EBB6D8C27FF384F00E66F64 /* AssembleUseCaseTests */ = {
			isa = PBXNativeTarget;
			buildConfigurationList = 2EBB6D9527FF384F00E66F64 /* Build configuration list for PBXNativeTarget "AssembleUseCaseTests" */;
			buildPhases = (
				2EBB6D8927FF384F00E66F64 /* Sources */,
				2EBB6D8A27FF384F00E66F64 /* Frameworks */,
				2EBB6D8B27FF384F00E66F64 /* Resources */,
			);
			buildRules = (
			);
			dependencies = (
				2EBB6D9227FF384F00E66F64 /* PBXTargetDependency */,
			);
			name = AssembleUseCaseTests;
			productName = AssembleUseCaseTests;
			productReference = 2EBB6D8D27FF384F00E66F64 /* AssembleUseCaseTests.xctest */;
			productType = "com.apple.product-type.bundle.unit-test";
		};
		2EC4591427CCE4E000EBE36B /* Assemble */ = {
			isa = PBXNativeTarget;
			buildConfigurationList = 2EC4592927CCE4E000EBE36B /* Build configuration list for PBXNativeTarget "Assemble" */;
			buildPhases = (
				CFDBFC054B1FF6805BB636F9 /* [CP] Check Pods Manifest.lock */,
				2EC4591127CCE4E000EBE36B /* Sources */,
				2EC4591227CCE4E000EBE36B /* Frameworks */,
				2EC4591327CCE4E000EBE36B /* Resources */,
				B20374CC1E85D276807CE04D /* [CP] Embed Pods Frameworks */,
			);
			buildRules = (
			);
			dependencies = (
			);
			name = Assemble;
			productName = Assemble;
			productReference = 2EC4591527CCE4E000EBE36B /* Assemble.app */;
			productType = "com.apple.product-type.application";
		};
/* End PBXNativeTarget section */

/* Begin PBXProject section */
		2EC4590D27CCE4E000EBE36B /* Project object */ = {
			isa = PBXProject;
			attributes = {
				BuildIndependentTargetsInParallel = 1;
				LastSwiftUpdateCheck = 1330;
				LastUpgradeCheck = 1320;
				TargetAttributes = {
					2EBB6D8C27FF384F00E66F64 = {
						CreatedOnToolsVersion = 13.3;
						TestTargetID = 2EC4591427CCE4E000EBE36B;
					};
					2EC4591427CCE4E000EBE36B = {
						CreatedOnToolsVersion = 13.2.1;
					};
				};
			};
			buildConfigurationList = 2EC4591027CCE4E000EBE36B /* Build configuration list for PBXProject "Assemble" */;
			compatibilityVersion = "Xcode 13.0";
			developmentRegion = en;
			hasScannedForEncodings = 0;
			knownRegions = (
				en,
				Base,
			);
			mainGroup = 2EC4590C27CCE4E000EBE36B;
			productRefGroup = 2EC4591627CCE4E000EBE36B /* Products */;
			projectDirPath = "";
			projectRoot = "";
			targets = (
				2EC4591427CCE4E000EBE36B /* Assemble */,
				2EBB6D8C27FF384F00E66F64 /* AssembleUseCaseTests */,
			);
		};
/* End PBXProject section */

/* Begin PBXResourcesBuildPhase section */
		2EBB6D8B27FF384F00E66F64 /* Resources */ = {
			isa = PBXResourcesBuildPhase;
			buildActionMask = 2147483647;
			files = (
			);
			runOnlyForDeploymentPostprocessing = 0;
		};
		2EC4591327CCE4E000EBE36B /* Resources */ = {
			isa = PBXResourcesBuildPhase;
			buildActionMask = 2147483647;
			files = (
				2E95659627CFCBDF00268C5D /* Loader.json in Resources */,
				2EC4592527CCE4E000EBE36B /* LaunchScreen.storyboard in Resources */,
				2E9CFB0227EC59E7001ED7CE /* MenuCell.xib in Resources */,
				2EB96A2527CCE68300623AB0 /* Banner.xib in Resources */,
				2EB96A3727CCE74400623AB0 /* Front1.storyboard in Resources */,
				2ECB7EA227E321FD00736FEA /* Search.storyboard in Resources */,
				2ECB7EA827E33D3E00736FEA /* Notification.storyboard in Resources */,
				2EBB716B27E0EC3A00A61755 /* News.xib in Resources */,
				2EE0F07327CCEA08008BA4B2 /* Detail.storyboard in Resources */,
				2EC4592227CCE4E000EBE36B /* Assets.xcassets in Resources */,
				2EB71C9727EECC61009A9E2E /* Home.storyboard in Resources */,
				2EC4592027CCE4E000EBE36B /* Main.storyboard in Resources */,
				2E9CFAFE27EB6C35001ED7CE /* DetailCell.xib in Resources */,
				2E9E1A6727DDF108009AAEFE /* Hero.xib in Resources */,
				2E9CFB0627ECB697001ED7CE /* SecondaryFront.storyboard in Resources */,
				2EEC609D27E779980054AB6C /* Information.storyboard in Resources */,
				2EE0F07527CCEA12008BA4B2 /* Board.storyboard in Resources */,
				2E7E2CAC27E8E889009813F5 /* HeaderCell.xib in Resources */,
				2EBB716727E0E48300A61755 /* NewsCell.xib in Resources */,
				2E1C8F2427D4887000085124 /* BannerView.xib in Resources */,
				2E9E1A5927DCF184009AAEFE /* HeroCell.xib in Resources */,
				2E9E1A6327DDD920009AAEFE /* PlaceHolderCell.xib in Resources */,
			);
			runOnlyForDeploymentPostprocessing = 0;
		};
/* End PBXResourcesBuildPhase section */

/* Begin PBXShellScriptBuildPhase section */
		B20374CC1E85D276807CE04D /* [CP] Embed Pods Frameworks */ = {
			isa = PBXShellScriptBuildPhase;
			buildActionMask = 2147483647;
			files = (
			);
			inputFileListPaths = (
				"${PODS_ROOT}/Target Support Files/Pods-Assemble/Pods-Assemble-frameworks-${CONFIGURATION}-input-files.xcfilelist",
			);
			name = "[CP] Embed Pods Frameworks";
			outputFileListPaths = (
				"${PODS_ROOT}/Target Support Files/Pods-Assemble/Pods-Assemble-frameworks-${CONFIGURATION}-output-files.xcfilelist",
			);
			runOnlyForDeploymentPostprocessing = 0;
			shellPath = /bin/sh;
			shellScript = "\"${PODS_ROOT}/Target Support Files/Pods-Assemble/Pods-Assemble-frameworks.sh\"\n";
			showEnvVarsInLog = 0;
		};
		CFDBFC054B1FF6805BB636F9 /* [CP] Check Pods Manifest.lock */ = {
			isa = PBXShellScriptBuildPhase;
			buildActionMask = 2147483647;
			files = (
			);
			inputFileListPaths = (
			);
			inputPaths = (
				"${PODS_PODFILE_DIR_PATH}/Podfile.lock",
				"${PODS_ROOT}/Manifest.lock",
			);
			name = "[CP] Check Pods Manifest.lock";
			outputFileListPaths = (
			);
			outputPaths = (
				"$(DERIVED_FILE_DIR)/Pods-Assemble-checkManifestLockResult.txt",
			);
			runOnlyForDeploymentPostprocessing = 0;
			shellPath = /bin/sh;
			shellScript = "diff \"${PODS_PODFILE_DIR_PATH}/Podfile.lock\" \"${PODS_ROOT}/Manifest.lock\" > /dev/null\nif [ $? != 0 ] ; then\n    # print error to STDERR\n    echo \"error: The sandbox is not in sync with the Podfile.lock. Run 'pod install' or update your CocoaPods installation.\" >&2\n    exit 1\nfi\n# This output is used by Xcode 'outputs' to avoid re-running this script phase.\necho \"SUCCESS\" > \"${SCRIPT_OUTPUT_FILE_0}\"\n";
			showEnvVarsInLog = 0;
		};
/* End PBXShellScriptBuildPhase section */

/* Begin PBXSourcesBuildPhase section */
		2EBB6D8927FF384F00E66F64 /* Sources */ = {
			isa = PBXSourcesBuildPhase;
			buildActionMask = 2147483647;
			files = (
				2EBB6D9027FF384F00E66F64 /* AssembleUseCaseTests.swift in Sources */,
			);
			runOnlyForDeploymentPostprocessing = 0;
		};
		2EC4591127CCE4E000EBE36B /* Sources */ = {
			isa = PBXSourcesBuildPhase;
			buildActionMask = 2147483647;
			files = (
				2ECB7EA427E3242700736FEA /* SearchViewController.swift in Sources */,
				2EE4A14C27FDE8C300F6A4B3 /* HomeBannerRepository.swift in Sources */,
				2EB96A2F27CCE6E900623AB0 /* DetailViewController.swift in Sources */,
				2E024AE927E5B33300C116F1 /* AssembleAPIManager.swift in Sources */,
				2E9CFAF827E9E29C001ED7CE /* CellData.swift in Sources */,
				2EBB716627E0E48300A61755 /* NewsCell.swift in Sources */,
				2EE4A15727FDF97700F6A4B3 /* awsConstants.swift in Sources */,
				2E9CFB0427ECB5C9001ED7CE /* SecondaryFrontViewController.swift in Sources */,
				2E99236927CCE5C40082B5F9 /* MenuBarButtonContainer.swift in Sources */,
				2EB96A2827CCE6A500623AB0 /* BannerView.swift in Sources */,
				2EEC60A127E77F150054AB6C /* APIModels.swift in Sources */,
				2EB96A3127CCE6FC00623AB0 /* Colors.swift in Sources */,
				2EB96A3327CCE70800623AB0 /* UIColor.swift in Sources */,
				2E9E1A6627DDF108009AAEFE /* Hero.swift in Sources */,
				2EB96A2427CCE68300623AB0 /* Banner.swift in Sources */,
				2ED9802727FF09E100744F9D /* UpcomingResponseDTO.swift in Sources */,
				2E9CFAFD27EB6C35001ED7CE /* DetailCell.swift in Sources */,
				2EE4A14827FDE23300F6A4B3 /* Film.swift in Sources */,
				2E8A7EE827D79EB700091065 /* HeaderView.swift in Sources */,
				2EC4591927CCE4E000EBE36B /* AppDelegate.swift in Sources */,
				2ED9802927FF271400744F9D /* Upcoming.swift in Sources */,
				2E9710A027E4A0DB00534CBA /* SearchTableViewCell.swift in Sources */,
				2EE4A14527FD916800F6A4B3 /* HomeUseCase.swift in Sources */,
				2E99236527CCE5760082B5F9 /* MenuBar.swift in Sources */,
				2E99236727CCE5B30082B5F9 /* MenuBarButton.swift in Sources */,
				2E9E1A6227DDD920009AAEFE /* PlaceHolderCell.swift in Sources */,
				2ECB7EA627E33D2F00736FEA /* NotificationViewController.swift in Sources */,
				2EC4591B27CCE4E000EBE36B /* SceneDelegate.swift in Sources */,
				2E9CFB0127EC59E7001ED7CE /* MenuCell.swift in Sources */,
				2E93726F27D0CE0B0075077F /* DateTime.swift in Sources */,
				2EB96A2B27CCE6BC00623AB0 /* HomeViewController.swift in Sources */,
				2E7E2CAB27E8E889009813F5 /* HeaderCell.swift in Sources */,
				2EEC60A327E8C9B40054AB6C /* Loader.swift in Sources */,
				2EBB716A27E0EC3A00A61755 /* News.swift in Sources */,
				2EE4A15227FDF66900F6A4B3 /* DefaultHomeBannerRepository.swift in Sources */,
				2EE4A15A27FE063C00F6A4B3 /* AlamoFireService.swift in Sources */,
				2EB96A2127CCE65D00623AB0 /* RootViewController.swift in Sources */,
				2EEC609F27E779C20054AB6C /* InformationViewController.swift in Sources */,
				2E9E1A5127DA0C11009AAEFE /* FrontComposition.swift in Sources */,
				2E99236B27CCE5D30082B5F9 /* MenuBarLayout.swift in Sources */,
				2E9E1A5827DCF184009AAEFE /* HeroCell.swift in Sources */,
				2E95659127CFBD5500268C5D /* SetupViewController.swift in Sources */,
				2EB96A2D27CCE6D500623AB0 /* BoardViewController.swift in Sources */,
			);
			runOnlyForDeploymentPostprocessing = 0;
		};
/* End PBXSourcesBuildPhase section */

/* Begin PBXTargetDependency section */
		2EBB6D9227FF384F00E66F64 /* PBXTargetDependency */ = {
			isa = PBXTargetDependency;
			target = 2EC4591427CCE4E000EBE36B /* Assemble */;
			targetProxy = 2EBB6D9127FF384F00E66F64 /* PBXContainerItemProxy */;
		};
/* End PBXTargetDependency section */

/* Begin PBXVariantGroup section */
		2EC4591E27CCE4E000EBE36B /* Main.storyboard */ = {
			isa = PBXVariantGroup;
			children = (
				2EC4591F27CCE4E000EBE36B /* Base */,
			);
			name = Main.storyboard;
			sourceTree = "<group>";
		};
		2EC4592327CCE4E000EBE36B /* LaunchScreen.storyboard */ = {
			isa = PBXVariantGroup;
			children = (
				2EC4592427CCE4E000EBE36B /* Base */,
			);
			name = LaunchScreen.storyboard;
			sourceTree = "<group>";
		};
/* End PBXVariantGroup section */

/* Begin XCBuildConfiguration section */
		2EBB6D9327FF384F00E66F64 /* Debug */ = {
			isa = XCBuildConfiguration;
			buildSettings = {
				BUNDLE_LOADER = "$(TEST_HOST)";
				CODE_SIGN_STYLE = Automatic;
				CURRENT_PROJECT_VERSION = 1;
				DEVELOPMENT_TEAM = XW996HTK32;
				GENERATE_INFOPLIST_FILE = YES;
				IPHONEOS_DEPLOYMENT_TARGET = 15.4;
				MARKETING_VERSION = 1.0;
				PRODUCT_BUNDLE_IDENTIFIER = com.stansign.AssembleUseCaseTests;
				PRODUCT_NAME = "$(TARGET_NAME)";
				SWIFT_EMIT_LOC_STRINGS = NO;
				SWIFT_VERSION = 5.0;
				TARGETED_DEVICE_FAMILY = "1,2";
				TEST_HOST = "$(BUILT_PRODUCTS_DIR)/Assemble.app/Assemble";
			};
			name = Debug;
		};
		2EBB6D9427FF384F00E66F64 /* Release */ = {
			isa = XCBuildConfiguration;
			buildSettings = {
				BUNDLE_LOADER = "$(TEST_HOST)";
				CODE_SIGN_STYLE = Automatic;
				CURRENT_PROJECT_VERSION = 1;
				DEVELOPMENT_TEAM = XW996HTK32;
				GENERATE_INFOPLIST_FILE = YES;
				IPHONEOS_DEPLOYMENT_TARGET = 15.4;
				MARKETING_VERSION = 1.0;
				PRODUCT_BUNDLE_IDENTIFIER = com.stansign.AssembleUseCaseTests;
				PRODUCT_NAME = "$(TARGET_NAME)";
				SWIFT_EMIT_LOC_STRINGS = NO;
				SWIFT_VERSION = 5.0;
				TARGETED_DEVICE_FAMILY = "1,2";
				TEST_HOST = "$(BUILT_PRODUCTS_DIR)/Assemble.app/Assemble";
			};
			name = Release;
		};
		2EC4592727CCE4E000EBE36B /* Debug */ = {
			isa = XCBuildConfiguration;
			buildSettings = {
				ALWAYS_SEARCH_USER_PATHS = NO;
				CLANG_ANALYZER_NONNULL = YES;
				CLANG_ANALYZER_NUMBER_OBJECT_CONVERSION = YES_AGGRESSIVE;
				CLANG_CXX_LANGUAGE_STANDARD = "gnu++17";
				CLANG_CXX_LIBRARY = "libc++";
				CLANG_ENABLE_MODULES = YES;
				CLANG_ENABLE_OBJC_ARC = YES;
				CLANG_ENABLE_OBJC_WEAK = YES;
				CLANG_WARN_BLOCK_CAPTURE_AUTORELEASING = YES;
				CLANG_WARN_BOOL_CONVERSION = YES;
				CLANG_WARN_COMMA = YES;
				CLANG_WARN_CONSTANT_CONVERSION = YES;
				CLANG_WARN_DEPRECATED_OBJC_IMPLEMENTATIONS = YES;
				CLANG_WARN_DIRECT_OBJC_ISA_USAGE = YES_ERROR;
				CLANG_WARN_DOCUMENTATION_COMMENTS = YES;
				CLANG_WARN_EMPTY_BODY = YES;
				CLANG_WARN_ENUM_CONVERSION = YES;
				CLANG_WARN_INFINITE_RECURSION = YES;
				CLANG_WARN_INT_CONVERSION = YES;
				CLANG_WARN_NON_LITERAL_NULL_CONVERSION = YES;
				CLANG_WARN_OBJC_IMPLICIT_RETAIN_SELF = YES;
				CLANG_WARN_OBJC_LITERAL_CONVERSION = YES;
				CLANG_WARN_OBJC_ROOT_CLASS = YES_ERROR;
				CLANG_WARN_QUOTED_INCLUDE_IN_FRAMEWORK_HEADER = YES;
				CLANG_WARN_RANGE_LOOP_ANALYSIS = YES;
				CLANG_WARN_STRICT_PROTOTYPES = YES;
				CLANG_WARN_SUSPICIOUS_MOVE = YES;
				CLANG_WARN_UNGUARDED_AVAILABILITY = YES_AGGRESSIVE;
				CLANG_WARN_UNREACHABLE_CODE = YES;
				CLANG_WARN__DUPLICATE_METHOD_MATCH = YES;
				COPY_PHASE_STRIP = NO;
				DEBUG_INFORMATION_FORMAT = dwarf;
				ENABLE_STRICT_OBJC_MSGSEND = YES;
				ENABLE_TESTABILITY = YES;
				GCC_C_LANGUAGE_STANDARD = gnu11;
				GCC_DYNAMIC_NO_PIC = NO;
				GCC_NO_COMMON_BLOCKS = YES;
				GCC_OPTIMIZATION_LEVEL = 0;
				GCC_PREPROCESSOR_DEFINITIONS = (
					"DEBUG=1",
					"$(inherited)",
				);
				GCC_WARN_64_TO_32_BIT_CONVERSION = YES;
				GCC_WARN_ABOUT_RETURN_TYPE = YES_ERROR;
				GCC_WARN_UNDECLARED_SELECTOR = YES;
				GCC_WARN_UNINITIALIZED_AUTOS = YES_AGGRESSIVE;
				GCC_WARN_UNUSED_FUNCTION = YES;
				GCC_WARN_UNUSED_VARIABLE = YES;
				IPHONEOS_DEPLOYMENT_TARGET = 15.2;
				MTL_ENABLE_DEBUG_INFO = INCLUDE_SOURCE;
				MTL_FAST_MATH = YES;
				ONLY_ACTIVE_ARCH = YES;
				SDKROOT = iphoneos;
				SWIFT_ACTIVE_COMPILATION_CONDITIONS = DEBUG;
				SWIFT_OPTIMIZATION_LEVEL = "-Onone";
			};
			name = Debug;
		};
		2EC4592827CCE4E000EBE36B /* Release */ = {
			isa = XCBuildConfiguration;
			buildSettings = {
				ALWAYS_SEARCH_USER_PATHS = NO;
				CLANG_ANALYZER_NONNULL = YES;
				CLANG_ANALYZER_NUMBER_OBJECT_CONVERSION = YES_AGGRESSIVE;
				CLANG_CXX_LANGUAGE_STANDARD = "gnu++17";
				CLANG_CXX_LIBRARY = "libc++";
				CLANG_ENABLE_MODULES = YES;
				CLANG_ENABLE_OBJC_ARC = YES;
				CLANG_ENABLE_OBJC_WEAK = YES;
				CLANG_WARN_BLOCK_CAPTURE_AUTORELEASING = YES;
				CLANG_WARN_BOOL_CONVERSION = YES;
				CLANG_WARN_COMMA = YES;
				CLANG_WARN_CONSTANT_CONVERSION = YES;
				CLANG_WARN_DEPRECATED_OBJC_IMPLEMENTATIONS = YES;
				CLANG_WARN_DIRECT_OBJC_ISA_USAGE = YES_ERROR;
				CLANG_WARN_DOCUMENTATION_COMMENTS = YES;
				CLANG_WARN_EMPTY_BODY = YES;
				CLANG_WARN_ENUM_CONVERSION = YES;
				CLANG_WARN_INFINITE_RECURSION = YES;
				CLANG_WARN_INT_CONVERSION = YES;
				CLANG_WARN_NON_LITERAL_NULL_CONVERSION = YES;
				CLANG_WARN_OBJC_IMPLICIT_RETAIN_SELF = YES;
				CLANG_WARN_OBJC_LITERAL_CONVERSION = YES;
				CLANG_WARN_OBJC_ROOT_CLASS = YES_ERROR;
				CLANG_WARN_QUOTED_INCLUDE_IN_FRAMEWORK_HEADER = YES;
				CLANG_WARN_RANGE_LOOP_ANALYSIS = YES;
				CLANG_WARN_STRICT_PROTOTYPES = YES;
				CLANG_WARN_SUSPICIOUS_MOVE = YES;
				CLANG_WARN_UNGUARDED_AVAILABILITY = YES_AGGRESSIVE;
				CLANG_WARN_UNREACHABLE_CODE = YES;
				CLANG_WARN__DUPLICATE_METHOD_MATCH = YES;
				COPY_PHASE_STRIP = NO;
				DEBUG_INFORMATION_FORMAT = "dwarf-with-dsym";
				ENABLE_NS_ASSERTIONS = NO;
				ENABLE_STRICT_OBJC_MSGSEND = YES;
				GCC_C_LANGUAGE_STANDARD = gnu11;
				GCC_NO_COMMON_BLOCKS = YES;
				GCC_WARN_64_TO_32_BIT_CONVERSION = YES;
				GCC_WARN_ABOUT_RETURN_TYPE = YES_ERROR;
				GCC_WARN_UNDECLARED_SELECTOR = YES;
				GCC_WARN_UNINITIALIZED_AUTOS = YES_AGGRESSIVE;
				GCC_WARN_UNUSED_FUNCTION = YES;
				GCC_WARN_UNUSED_VARIABLE = YES;
				IPHONEOS_DEPLOYMENT_TARGET = 15.2;
				MTL_ENABLE_DEBUG_INFO = NO;
				MTL_FAST_MATH = YES;
				SDKROOT = iphoneos;
				SWIFT_COMPILATION_MODE = wholemodule;
				SWIFT_OPTIMIZATION_LEVEL = "-O";
				VALIDATE_PRODUCT = YES;
			};
			name = Release;
		};
		2EC4592A27CCE4E000EBE36B /* Debug */ = {
			isa = XCBuildConfiguration;
			baseConfigurationReference = 74FCCCAE3AFF995399579C69 /* Pods-Assemble.debug.xcconfig */;
			buildSettings = {
				ASSETCATALOG_COMPILER_APPICON_NAME = AppIcon;
				ASSETCATALOG_COMPILER_GLOBAL_ACCENT_COLOR_NAME = AccentColor;
				CODE_SIGN_STYLE = Automatic;
				CURRENT_PROJECT_VERSION = 1;
				DEVELOPMENT_TEAM = XW996HTK32;
				GENERATE_INFOPLIST_FILE = YES;
				INFOPLIST_FILE = Assemble/Info.plist;
				INFOPLIST_KEY_UIApplicationSupportsIndirectInputEvents = YES;
				INFOPLIST_KEY_UILaunchStoryboardName = LaunchScreen;
				INFOPLIST_KEY_UIMainStoryboardFile = Main;
				INFOPLIST_KEY_UISupportedInterfaceOrientations_iPad = "UIInterfaceOrientationPortrait UIInterfaceOrientationPortraitUpsideDown UIInterfaceOrientationLandscapeLeft UIInterfaceOrientationLandscapeRight";
				INFOPLIST_KEY_UISupportedInterfaceOrientations_iPhone = "UIInterfaceOrientationPortrait UIInterfaceOrientationLandscapeLeft UIInterfaceOrientationLandscapeRight";
				LD_RUNPATH_SEARCH_PATHS = (
					"$(inherited)",
					"@executable_path/Frameworks",
				);
				MARKETING_VERSION = 1.0;
				PRODUCT_BUNDLE_IDENTIFIER = com.stansign.Assemble;
				PRODUCT_NAME = "$(TARGET_NAME)";
				SWIFT_EMIT_LOC_STRINGS = YES;
				SWIFT_VERSION = 5.0;
				TARGETED_DEVICE_FAMILY = "1,2";
			};
			name = Debug;
		};
		2EC4592B27CCE4E000EBE36B /* Release */ = {
			isa = XCBuildConfiguration;
			baseConfigurationReference = E30F1BC3DC1CBAF2A518106B /* Pods-Assemble.release.xcconfig */;
			buildSettings = {
				ASSETCATALOG_COMPILER_APPICON_NAME = AppIcon;
				ASSETCATALOG_COMPILER_GLOBAL_ACCENT_COLOR_NAME = AccentColor;
				CODE_SIGN_STYLE = Automatic;
				CURRENT_PROJECT_VERSION = 1;
				DEVELOPMENT_TEAM = XW996HTK32;
				GENERATE_INFOPLIST_FILE = YES;
				INFOPLIST_FILE = Assemble/Info.plist;
				INFOPLIST_KEY_UIApplicationSupportsIndirectInputEvents = YES;
				INFOPLIST_KEY_UILaunchStoryboardName = LaunchScreen;
				INFOPLIST_KEY_UIMainStoryboardFile = Main;
				INFOPLIST_KEY_UISupportedInterfaceOrientations_iPad = "UIInterfaceOrientationPortrait UIInterfaceOrientationPortraitUpsideDown UIInterfaceOrientationLandscapeLeft UIInterfaceOrientationLandscapeRight";
				INFOPLIST_KEY_UISupportedInterfaceOrientations_iPhone = "UIInterfaceOrientationPortrait UIInterfaceOrientationLandscapeLeft UIInterfaceOrientationLandscapeRight";
				LD_RUNPATH_SEARCH_PATHS = (
					"$(inherited)",
					"@executable_path/Frameworks",
				);
				MARKETING_VERSION = 1.0;
				PRODUCT_BUNDLE_IDENTIFIER = com.stansign.Assemble;
				PRODUCT_NAME = "$(TARGET_NAME)";
				SWIFT_EMIT_LOC_STRINGS = YES;
				SWIFT_VERSION = 5.0;
				TARGETED_DEVICE_FAMILY = "1,2";
			};
			name = Release;
		};
/* End XCBuildConfiguration section */

/* Begin XCConfigurationList section */
		2EBB6D9527FF384F00E66F64 /* Build configuration list for PBXNativeTarget "AssembleUseCaseTests" */ = {
			isa = XCConfigurationList;
			buildConfigurations = (
				2EBB6D9327FF384F00E66F64 /* Debug */,
				2EBB6D9427FF384F00E66F64 /* Release */,
			);
			defaultConfigurationIsVisible = 0;
			defaultConfigurationName = Release;
		};
		2EC4591027CCE4E000EBE36B /* Build configuration list for PBXProject "Assemble" */ = {
			isa = XCConfigurationList;
			buildConfigurations = (
				2EC4592727CCE4E000EBE36B /* Debug */,
				2EC4592827CCE4E000EBE36B /* Release */,
			);
			defaultConfigurationIsVisible = 0;
			defaultConfigurationName = Release;
		};
		2EC4592927CCE4E000EBE36B /* Build configuration list for PBXNativeTarget "Assemble" */ = {
			isa = XCConfigurationList;
			buildConfigurations = (
				2EC4592A27CCE4E000EBE36B /* Debug */,
				2EC4592B27CCE4E000EBE36B /* Release */,
			);
			defaultConfigurationIsVisible = 0;
			defaultConfigurationName = Release;
		};
/* End XCConfigurationList section */
	};
	rootObject = 2EC4590D27CCE4E000EBE36B /* Project object */;
}
